
Microsoft Visual Studio Solution File, Format Version 12.00
# Visual Studio Version 17
VisualStudioVersion = 17.5.002.0
MinimumVisualStudioVersion = 10.0.40219.1
Project("{9A19103F-16F7-4668-BE54-9A1E7A4F7556}") = "DockItemLib", "DockItemLib.csproj", "{EBF1B1F0-22A4-4C25-91E4-A3F526173E11}"
EndProject
Global
	GlobalSection(SolutionConfigurationPlatforms) = preSolution
		Debug|Any CPU = Debug|Any CPU
		Release|Any CPU = Release|Any CPU
	EndGlobalSection
	GlobalSection(ProjectConfigurationPlatforms) = postSolution
		{EBF1B1F0-22A4-4C25-91E4-A3F526173E11}.Debug|Any CPU.ActiveCfg = Debug|Any CPU
		{EBF1B1F0-22A4-4C25-91E4-A3F526173E11}.Debug|Any CPU.Build.0 = Debug|Any CPU
		{EBF1B1F0-22A4-4C25-91E4-A3F526173E11}.Release|Any CPU.ActiveCfg = Release|Any CPU
		{EBF1B1F0-22A4-4C25-91E4-A3F526173E11}.Release|Any CPU.Build.0 = Release|Any CPU
	EndGlobalSection
	GlobalSection(SolutionProperties) = preSolution
		HideSolutionNode = FALSE
	EndGlobalSection
	GlobalSection(ExtensibilityGlobals) = postSolution
		SolutionGuid = {DC3399FF-1A0E-4F47-B74B-52457499A2E6}
	EndGlobalSection
EndGlobal
